// !$*UTF8*$!
{
	archiveVersion = 1;
	classes = {
	};
	objectVersion = 56;
	objects = {

/* Begin PBXBuildFile section */
		BDC8FC0429DDBCCE00A4908A /* InteractiveUIsApp.swift in Sources */ = {isa = PBXBuildFile; fileRef = BDC8FC0329DDBCCE00A4908A /* InteractiveUIsApp.swift */; };
		BDC8FC0629DDBCCE00A4908A /* ContentView.swift in Sources */ = {isa = PBXBuildFile; fileRef = BDC8FC0529DDBCCE00A4908A /* ContentView.swift */; };
		BDC8FC0829DDBCCF00A4908A /* Assets.xcassets in Resources */ = {isa = PBXBuildFile; fileRef = BDC8FC0729DDBCCF00A4908A /* Assets.xcassets */; };
		BDC8FC0B29DDBCCF00A4908A /* Preview Assets.xcassets in Resources */ = {isa = PBXBuildFile; fileRef = BDC8FC0A29DDBCCF00A4908A /* Preview Assets.xcassets */; };
		BDC8FC1529DDBCD000A4908A /* InteractiveUIsTests.swift in Sources */ = {isa = PBXBuildFile; fileRef = BDC8FC1429DDBCD000A4908A /* InteractiveUIsTests.swift */; };
		BDC8FC1F29DDBCD000A4908A /* InteractiveUIsUITests.swift in Sources */ = {isa = PBXBuildFile; fileRef = BDC8FC1E29DDBCD000A4908A /* InteractiveUIsUITests.swift */; };
		BDC8FC2129DDBCD000A4908A /* InteractiveUIsUITestsLaunchTests.swift in Sources */ = {isa = PBXBuildFile; fileRef = BDC8FC2029DDBCD000A4908A /* InteractiveUIsUITestsLaunchTests.swift */; };
/* End PBXBuildFile section */

/* Begin PBXContainerItemProxy section */
		BDC8FC1129DDBCD000A4908A /* PBXContainerItemProxy */ = {
			isa = PBXContainerItemProxy;
			containerPortal = BDC8FBF829DDBCCE00A4908A /* Project object */;
			proxyType = 1;
			remoteGlobalIDString = BDC8FBFF29DDBCCE00A4908A;
			remoteInfo = InteractiveUIs;
		};
		BDC8FC1B29DDBCD000A4908A /* PBXContainerItemProxy */ = {
			isa = PBXContainerItemProxy;
			containerPortal = BDC8FBF829DDBCCE00A4908A /* Project object */;
			proxyType = 1;
			remoteGlobalIDString = BDC8FBFF29DDBCCE00A4908A;
			remoteInfo = InteractiveUIs;
		};
/* End PBXContainerItemProxy section */

/* Begin PBXFileReference section */
		BDC8FC0029DDBCCE00A4908A /* InteractiveUIs.app */ = {isa = PBXFileReference; explicitFileType = wrapper.application; includeInIndex = 0; path = InteractiveUIs.app; sourceTree = BUILT_PRODUCTS_DIR; };
		BDC8FC0329DDBCCE00A4908A /* InteractiveUIsApp.swift */ = {isa = PBXFileReference; lastKnownFileType = sourcecode.swift; path = InteractiveUIsApp.swift; sourceTree = "<group>"; };
		BDC8FC0529DDBCCE00A4908A /* ContentView.swift */ = {isa = PBXFileReference; lastKnownFileType = sourcecode.swift; path = ContentView.swift; sourceTree = "<group>"; };
		BDC8FC0729DDBCCF00A4908A /* Assets.xcassets */ = {isa = PBXFileReference; lastKnownFileType = folder.assetcatalog; path = Assets.xcassets; sourceTree = "<group>"; };
		BDC8FC0A29DDBCCF00A4908A /* Preview Assets.xcassets */ = {isa = PBXFileReference; lastKnownFileType = folder.assetcatalog; path = "Preview Assets.xcassets"; sourceTree = "<group>"; };
		BDC8FC1029DDBCD000A4908A /* InteractiveUIsTests.xctest */ = {isa = PBXFileReference; explicitFileType = wrapper.cfbundle; includeInIndex = 0; path = InteractiveUIsTests.xctest; sourceTree = BUILT_PRODUCTS_DIR; };
		BDC8FC1429DDBCD000A4908A /* InteractiveUIsTests.swift */ = {isa = PBXFileReference; lastKnownFileType = sourcecode.swift; path = InteractiveUIsTests.swift; sourceTree = "<group>"; };
		BDC8FC1A29DDBCD000A4908A /* InteractiveUIsUITests.xctest */ = {isa = PBXFileReference; explicitFileType = wrapper.cfbundle; includeInIndex = 0; path = InteractiveUIsUITests.xctest; sourceTree = BUILT_PRODUCTS_DIR; };
		BDC8FC1E29DDBCD000A4908A /* InteractiveUIsUITests.swift */ = {isa = PBXFileReference; lastKnownFileType = sourcecode.swift; path = InteractiveUIsUITests.swift; sourceTree = "<group>"; };
		BDC8FC2029DDBCD000A4908A /* InteractiveUIsUITestsLaunchTests.swift */ = {isa = PBXFileReference; lastKnownFileType = sourcecode.swift; path = InteractiveUIsUITestsLaunchTests.swift; sourceTree = "<group>"; };
/* End PBXFileReference section */

/* Begin PBXFrameworksBuildPhase section */
		BDC8FBFD29DDBCCE00A4908A /* Frameworks */ = {
			isa = PBXFrameworksBuildPhase;
			buildActionMask = 2147483647;
			files = (
			);
			runOnlyForDeploymentPostprocessing = 0;
		};
		BDC8FC0D29DDBCD000A4908A /* Frameworks */ = {
			isa = PBXFrameworksBuildPhase;
			buildActionMask = 2147483647;
			files = (
			);
			runOnlyForDeploymentPostprocessing = 0;
		};
		BDC8FC1729DDBCD000A4908A /* Frameworks */ = {
			isa = PBXFrameworksBuildPhase;
			buildActionMask = 2147483647;
			files = (
			);
			runOnlyForDeploymentPostprocessing = 0;
		};
/* End PBXFrameworksBuildPhase section */

/* Begin PBXGroup section */
		BDC8FBF729DDBCCE00A4908A = {
			isa = PBXGroup;
			children = (
				BDC8FC0229DDBCCE00A4908A /* InteractiveUIs */,
				BDC8FC1329DDBCD000A4908A /* InteractiveUIsTests */,
				BDC8FC1D29DDBCD000A4908A /* InteractiveUIsUITests */,
				BDC8FC0129DDBCCE00A4908A /* Products */,
			);
			sourceTree = "<group>";
		};
		BDC8FC0129DDBCCE00A4908A /* Products */ = {
			isa = PBXGroup;
			children = (
				BDC8FC0029DDBCCE00A4908A /* InteractiveUIs.app */,
				BDC8FC1029DDBCD000A4908A /* InteractiveUIsTests.xctest */,
				BDC8FC1A29DDBCD000A4908A /* InteractiveUIsUITests.xctest */,
			);
			name = Products;
			sourceTree = "<group>";
		};
		BDC8FC0229DDBCCE00A4908A /* InteractiveUIs */ = {
			isa = PBXGroup;
			children = (
				BDC8FC0329DDBCCE00A4908A /* InteractiveUIsApp.swift */,
				BDC8FC0529DDBCCE00A4908A /* ContentView.swift */,
				BDC8FC0729DDBCCF00A4908A /* Assets.xcassets */,
				BDC8FC0929DDBCCF00A4908A /* Preview Content */,
			);
			path = InteractiveUIs;
			sourceTree = "<group>";
		};
		BDC8FC0929DDBCCF00A4908A /* Preview Content */ = {
			isa = PBXGroup;
			children = (
				BDC8FC0A29DDBCCF00A4908A /* Preview Assets.xcassets */,
			);
			path = "Preview Content";
			sourceTree = "<group>";
		};
		BDC8FC1329DDBCD000A4908A /* InteractiveUIsTests */ = {
			isa = PBXGroup;
			children = (
				BDC8FC1429DDBCD000A4908A /* InteractiveUIsTests.swift */,
			);
			path = InteractiveUIsTests;
			sourceTree = "<group>";
		};
		BDC8FC1D29DDBCD000A4908A /* InteractiveUIsUITests */ = {
			isa = PBXGroup;
			children = (
				BDC8FC1E29DDBCD000A4908A /* InteractiveUIsUITests.swift */,
				BDC8FC2029DDBCD000A4908A /* InteractiveUIsUITestsLaunchTests.swift */,
			);
			path = InteractiveUIsUITests;
			sourceTree = "<group>";
		};
/* End PBXGroup section */

/* Begin PBXNativeTarget section */
		BDC8FBFF29DDBCCE00A4908A /* InteractiveUIs */ = {
			isa = PBXNativeTarget;
			buildConfigurationList = BDC8FC2429DDBCD000A4908A /* Build configuration list for PBXNativeTarget "InteractiveUIs" */;
			buildPhases = (
				BDC8FBFC29DDBCCE00A4908A /* Sources */,
				BDC8FBFD29DDBCCE00A4908A /* Frameworks */,
				BDC8FBFE29DDBCCE00A4908A /* Resources */,
			);
			buildRules = (
			);
			dependencies = (
			);
			name = InteractiveUIs;
			productName = InteractiveUIs;
			productReference = BDC8FC0029DDBCCE00A4908A /* InteractiveUIs.app */;
			productType = "com.apple.product-type.application";
		};
		BDC8FC0F29DDBCD000A4908A /* InteractiveUIsTests */ = {
			isa = PBXNativeTarget;
			buildConfigurationList = BDC8FC2729DDBCD000A4908A /* Build configuration list for PBXNativeTarget "InteractiveUIsTests" */;
			buildPhases = (
				BDC8FC0C29DDBCD000A4908A /* Sources */,
				BDC8FC0D29DDBCD000A4908A /* Frameworks */,
				BDC8FC0E29DDBCD000A4908A /* Resources */,
			);
			buildRules = (
			);
			dependencies = (
				BDC8FC1229DDBCD000A4908A /* PBXTargetDependency */,
			);
			name = InteractiveUIsTests;
			productName = InteractiveUIsTests;
			productReference = BDC8FC1029DDBCD000A4908A /* InteractiveUIsTests.xctest */;
			productType = "com.apple.product-type.bundle.unit-test";
		};
		BDC8FC1929DDBCD000A4908A /* InteractiveUIsUITests */ = {
			isa = PBXNativeTarget;
			buildConfigurationList = BDC8FC2A29DDBCD000A4908A /* Build configuration list for PBXNativeTarget "InteractiveUIsUITests" */;
			buildPhases = (
				BDC8FC1629DDBCD000A4908A /* Sources */,
				BDC8FC1729DDBCD000A4908A /* Frameworks */,
				BDC8FC1829DDBCD000A4908A /* Resources */,
			);
			buildRules = (
			);
			dependencies = (
				BDC8FC1C29DDBCD000A4908A /* PBXTargetDependency */,
			);
			name = InteractiveUIsUITests;
			productName = InteractiveUIsUITests;
			productReference = BDC8FC1A29DDBCD000A4908A /* InteractiveUIsUITests.xctest */;
			productType = "com.apple.product-type.bundle.ui-testing";
		};
/* End PBXNativeTarget section */

/* Begin PBXProject section */
		BDC8FBF829DDBCCE00A4908A /* Project object */ = {
			isa = PBXProject;
			attributes = {
				BuildIndependentTargetsInParallel = 1;
				LastSwiftUpdateCheck = 1420;
				LastUpgradeCheck = 1420;
				TargetAttributes = {
					BDC8FBFF29DDBCCE00A4908A = {
						CreatedOnToolsVersion = 14.2;
					};
					BDC8FC0F29DDBCD000A4908A = {
						CreatedOnToolsVersion = 14.2;
						TestTargetID = BDC8FBFF29DDBCCE00A4908A;
					};
					BDC8FC1929DDBCD000A4908A = {
						CreatedOnToolsVersion = 14.2;
						TestTargetID = BDC8FBFF29DDBCCE00A4908A;
					};
				};
			};
			buildConfigurationList = BDC8FBFB29DDBCCE00A4908A /* Build configuration list for PBXProject "InteractiveUIs" */;
			compatibilityVersion = "Xcode 14.0";
			developmentRegion = en;
			hasScannedForEncodings = 0;
			knownRegions = (
				en,
				Base,
			);
			mainGroup = BDC8FBF729DDBCCE00A4908A;
			productRefGroup = BDC8FC0129DDBCCE00A4908A /* Products */;
			projectDirPath = "";
			projectRoot = "";
			targets = (
				BDC8FBFF29DDBCCE00A4908A /* InteractiveUIs */,
				BDC8FC0F29DDBCD000A4908A /* InteractiveUIsTests */,
				BDC8FC1929DDBCD000A4908A /* InteractiveUIsUITests */,
			);
		};
/* End PBXProject section */

/* Begin PBXResourcesBuildPhase section */
		BDC8FBFE29DDBCCE00A4908A /* Resources */ = {
			isa = PBXResourcesBuildPhase;
			buildActionMask = 2147483647;
			files = (
				BDC8FC0B29DDBCCF00A4908A /* Preview Assets.xcassets in Resources */,
				BDC8FC0829DDBCCF00A4908A /* Assets.xcassets in Resources */,
			);
			runOnlyForDeploymentPostprocessing = 0;
		};
		BDC8FC0E29DDBCD000A4908A /* Resources */ = {
			isa = PBXResourcesBuildPhase;
			buildActionMask = 2147483647;
			files = (
			);
			runOnlyForDeploymentPostprocessing = 0;
		};
		BDC8FC1829DDBCD000A4908A /* Resources */ = {
			isa = PBXResourcesBuildPhase;
			buildActionMask = 2147483647;
			files = (
			);
			runOnlyForDeploymentPostprocessing = 0;
		};
/* End PBXResourcesBuildPhase section */

/* Begin PBXSourcesBuildPhase section */
		BDC8FBFC29DDBCCE00A4908A /* Sources */ = {
			isa = PBXSourcesBuildPhase;
			buildActionMask = 2147483647;
			files = (
				BDC8FC0629DDBCCE00A4908A /* ContentView.swift in Sources */,
				BDC8FC0429DDBCCE00A4908A /* InteractiveUIsApp.swift in Sources */,
			);
			runOnlyForDeploymentPostprocessing = 0;
		};
		BDC8FC0C29DDBCD000A4908A /* Sources */ = {
			isa = PBXSourcesBuildPhase;
			buildActionMask = 2147483647;
			files = (
				BDC8FC1529DDBCD000A4908A /* InteractiveUIsTests.swift in Sources */,
			);
			runOnlyForDeploymentPostprocessing = 0;
		};
		BDC8FC1629DDBCD000A4908A /* Sources */ = {
			isa = PBXSourcesBuildPhase;
			buildActionMask = 2147483647;
			files = (
				BDC8FC1F29DDBCD000A4908A /* InteractiveUIsUITests.swift in Sources */,
				BDC8FC2129DDBCD000A4908A /* InteractiveUIsUITestsLaunchTests.swift in Sources */,
			);
			runOnlyForDeploymentPostprocessing = 0;
		};
/* End PBXSourcesBuildPhase section */

/* Begin PBXTargetDependency section */
		BDC8FC1229DDBCD000A4908A /* PBXTargetDependency */ = {
			isa = PBXTargetDependency;
			target = BDC8FBFF29DDBCCE00A4908A /* InteractiveUIs */;
			targetProxy = BDC8FC1129DDBCD000A4908A /* PBXContainerItemProxy */;
		};
		BDC8FC1C29DDBCD000A4908A /* PBXTargetDependency */ = {
			isa = PBXTargetDependency;
			target = BDC8FBFF29DDBCCE00A4908A /* InteractiveUIs */;
			targetProxy = BDC8FC1B29DDBCD000A4908A /* PBXContainerItemProxy */;
		};
/* End PBXTargetDependency section */

/* Begin XCBuildConfiguration section */
		BDC8FC2229DDBCD000A4908A /* Debug */ = {
			isa = XCBuildConfiguration;
			buildSettings = {
				ALWAYS_SEARCH_USER_PATHS = NO;
				CLANG_ANALYZER_NONNULL = YES;
				CLANG_ANALYZER_NUMBER_OBJECT_CONVERSION = YES_AGGRESSIVE;
				CLANG_CXX_LANGUAGE_STANDARD = "gnu++20";
				CLANG_ENABLE_MODULES = YES;
				CLANG_ENABLE_OBJC_ARC = YES;
				CLANG_ENABLE_OBJC_WEAK = YES;
				CLANG_WARN_BLOCK_CAPTURE_AUTORELEASING = YES;
				CLANG_WARN_BOOL_CONVERSION = YES;
				CLANG_WARN_COMMA = YES;
				CLANG_WARN_CONSTANT_CONVERSION = YES;
				CLANG_WARN_DEPRECATED_OBJC_IMPLEMENTATIONS = YES;
				CLANG_WARN_DIRECT_OBJC_ISA_USAGE = YES_ERROR;
				CLANG_WARN_DOCUMENTATION_COMMENTS = YES;
				CLANG_WARN_EMPTY_BODY = YES;
				CLANG_WARN_ENUM_CONVERSION = YES;
				CLANG_WARN_INFINITE_RECURSION = YES;
				CLANG_WARN_INT_CONVERSION = YES;
				CLANG_WARN_NON_LITERAL_NULL_CONVERSION = YES;
				CLANG_WARN_OBJC_IMPLICIT_RETAIN_SELF = YES;
				CLANG_WARN_OBJC_LITERAL_CONVERSION = YES;
				CLANG_WARN_OBJC_ROOT_CLASS = YES_ERROR;
				CLANG_WARN_QUOTED_INCLUDE_IN_FRAMEWORK_HEADER = YES;
				CLANG_WARN_RANGE_LOOP_ANALYSIS = YES;
				CLANG_WARN_STRICT_PROTOTYPES = YES;
				CLANG_WARN_SUSPICIOUS_MOVE = YES;
				CLANG_WARN_UNGUARDED_AVAILABILITY = YES_AGGRESSIVE;
				CLANG_WARN_UNREACHABLE_CODE = YES;
				CLANG_WARN__DUPLICATE_METHOD_MATCH = YES;
				COPY_PHASE_STRIP = NO;
				DEBUG_INFORMATION_FORMAT = dwarf;
				ENABLE_STRICT_OBJC_MSGSEND = YES;
				ENABLE_TESTABILITY = YES;
				GCC_C_LANGUAGE_STANDARD = gnu11;
				GCC_DYNAMIC_NO_PIC = NO;
				GCC_NO_COMMON_BLOCKS = YES;
				GCC_OPTIMIZATION_LEVEL = 0;
				GCC_PREPROCESSOR_DEFINITIONS = (
					"DEBUG=1",
					"$(inherited)",
				);
				GCC_WARN_64_TO_32_BIT_CONVERSION = YES;
				GCC_WARN_ABOUT_RETURN_TYPE = YES_ERROR;
				GCC_WARN_UNDECLARED_SELECTOR = YES;
				GCC_WARN_UNINITIALIZED_AUTOS = YES_AGGRESSIVE;
				GCC_WARN_UNUSED_FUNCTION = YES;
				GCC_WARN_UNUSED_VARIABLE = YES;
				IPHONEOS_DEPLOYMENT_TARGET = 16.2;
				MTL_ENABLE_DEBUG_INFO = INCLUDE_SOURCE;
				MTL_FAST_MATH = YES;
				ONLY_ACTIVE_ARCH = YES;
				SDKROOT = iphoneos;
				SWIFT_ACTIVE_COMPILATION_CONDITIONS = DEBUG;
				SWIFT_OPTIMIZATION_LEVEL = "-Onone";
			};
			name = Debug;
		};
		BDC8FC2329DDBCD000A4908A /* Release */ = {
			isa = XCBuildConfiguration;
			buildSettings = {
				ALWAYS_SEARCH_USER_PATHS = NO;
				CLANG_ANALYZER_NONNULL = YES;
				CLANG_ANALYZER_NUMBER_OBJECT_CONVERSION = YES_AGGRESSIVE;
				CLANG_CXX_LANGUAGE_STANDARD = "gnu++20";
				CLANG_ENABLE_MODULES = YES;
				CLANG_ENABLE_OBJC_ARC = YES;
				CLANG_ENABLE_OBJC_WEAK = YES;
				CLANG_WARN_BLOCK_CAPTURE_AUTORELEASING = YES;
				CLANG_WARN_BOOL_CONVERSION = YES;
				CLANG_WARN_COMMA = YES;
				CLANG_WARN_CONSTANT_CONVERSION = YES;
				CLANG_WARN_DEPRECATED_OBJC_IMPLEMENTATIONS = YES;
				CLANG_WARN_DIRECT_OBJC_ISA_USAGE = YES_ERROR;
				CLANG_WARN_DOCUMENTATION_COMMENTS = YES;
				CLANG_WARN_EMPTY_BODY = YES;
				CLANG_WARN_ENUM_CONVERSION = YES;
				CLANG_WARN_INFINITE_RECURSION = YES;
				CLANG_WARN_INT_CONVERSION = YES;
				CLANG_WARN_NON_LITERAL_NULL_CONVERSION = YES;
				CLANG_WARN_OBJC_IMPLICIT_RETAIN_SELF = YES;
				CLANG_WARN_OBJC_LITERAL_CONVERSION = YES;
				CLANG_WARN_OBJC_ROOT_CLASS = YES_ERROR;
				CLANG_WARN_QUOTED_INCLUDE_IN_FRAMEWORK_HEADER = YES;
				CLANG_WARN_RANGE_LOOP_ANALYSIS = YES;
				CLANG_WARN_STRICT_PROTOTYPES = YES;
				CLANG_WARN_SUSPICIOUS_MOVE = YES;
				CLANG_WARN_UNGUARDED_AVAILABILITY = YES_AGGRESSIVE;
				CLANG_WARN_UNREACHABLE_CODE = YES;
				CLANG_WARN__DUPLICATE_METHOD_MATCH = YES;
				COPY_PHASE_STRIP = NO;
				DEBUG_INFORMATION_FORMAT = "dwarf-with-dsym";
				ENABLE_NS_ASSERTIONS = NO;
				ENABLE_STRICT_OBJC_MSGSEND = YES;
				GCC_C_LANGUAGE_STANDARD = gnu11;
				GCC_NO_COMMON_BLOCKS = YES;
				GCC_WARN_64_TO_32_BIT_CONVERSION = YES;
				GCC_WARN_ABOUT_RETURN_TYPE = YES_ERROR;
				GCC_WARN_UNDECLARED_SELECTOR = YES;
				GCC_WARN_UNINITIALIZED_AUTOS = YES_AGGRESSIVE;
				GCC_WARN_UNUSED_FUNCTION = YES;
				GCC_WARN_UNUSED_VARIABLE = YES;
				IPHONEOS_DEPLOYMENT_TARGET = 16.2;
				MTL_ENABLE_DEBUG_INFO = NO;
				MTL_FAST_MATH = YES;
				SDKROOT = iphoneos;
				SWIFT_COMPILATION_MODE = wholemodule;
				SWIFT_OPTIMIZATION_LEVEL = "-O";
				VALIDATE_PRODUCT = YES;
			};
			name = Release;
		};
		BDC8FC2529DDBCD000A4908A /* Debug */ = {
			isa = XCBuildConfiguration;
			buildSettings = {
				ASSETCATALOG_COMPILER_APPICON_NAME = AppIcon;
				ASSETCATALOG_COMPILER_GLOBAL_ACCENT_COLOR_NAME = AccentColor;
				CODE_SIGN_STYLE = Automatic;
				CURRENT_PROJECT_VERSION = 1;
				DEVELOPMENT_ASSET_PATHS = "\"InteractiveUIs/Preview Content\"";
				DEVELOPMENT_TEAM = KUA4MPBD7U;
				ENABLE_PREVIEWS = YES;
				GENERATE_INFOPLIST_FILE = YES;
				INFOPLIST_KEY_UIApplicationSceneManifest_Generation = YES;
				INFOPLIST_KEY_UIApplicationSupportsIndirectInputEvents = YES;
				INFOPLIST_KEY_UILaunchScreen_Generation = YES;
				INFOPLIST_KEY_UISupportedInterfaceOrientations_iPad = "UIInterfaceOrientationPortrait UIInterfaceOrientationPortraitUpsideDown UIInterfaceOrientationLandscapeLeft UIInterfaceOrientationLandscapeRight";
				INFOPLIST_KEY_UISupportedInterfaceOrientations_iPhone = "UIInterfaceOrientationPortrait UIInterfaceOrientationLandscapeLeft UIInterfaceOrientationLandscapeRight";
				LD_RUNPATH_SEARCH_PATHS = (
					"$(inherited)",
					"@executable_path/Frameworks",
				);
				MARKETING_VERSION = 1.0;
				PRODUCT_BUNDLE_IDENTIFIER = kwk.InteractiveUIs;
				PRODUCT_NAME = "$(TARGET_NAME)";
				SWIFT_EMIT_LOC_STRINGS = YES;
				SWIFT_VERSION = 5.0;
				TARGETED_DEVICE_FAMILY = "1,2";
			};
			name = Debug;
		};
		BDC8FC2629DDBCD000A4908A /* Release */ = {
			isa = XCBuildConfiguration;
			buildSettings = {
				ASSETCATALOG_COMPILER_APPICON_NAME = AppIcon;
				ASSETCATALOG_COMPILER_GLOBAL_ACCENT_COLOR_NAME = AccentColor;
				CODE_SIGN_STYLE = Automatic;
				CURRENT_PROJECT_VERSION = 1;
				DEVELOPMENT_ASSET_PATHS = "\"InteractiveUIs/Preview Content\"";
				DEVELOPMENT_TEAM = KUA4MPBD7U;
				ENABLE_PREVIEWS = YES;
				GENERATE_INFOPLIST_FILE = YES;
				INFOPLIST_KEY_UIApplicationSceneManifest_Generation = YES;
				INFOPLIST_KEY_UIApplicationSupportsIndirectInputEvents = YES;
				INFOPLIST_KEY_UILaunchScreen_Generation = YES;
				INFOPLIST_KEY_UISupportedInterfaceOrientations_iPad = "UIInterfaceOrientationPortrait UIInterfaceOrientationPortraitUpsideDown UIInterfaceOrientationLandscapeLeft UIInterfaceOrientationLandscapeRight";
				INFOPLIST_KEY_UISupportedInterfaceOrientations_iPhone = "UIInterfaceOrientationPortrait UIInterfaceOrientationLandscapeLeft UIInterfaceOrientationLandscapeRight";
				LD_RUNPATH_SEARCH_PATHS = (
					"$(inherited)",
					"@executable_path/Frameworks",
				);
				MARKETING_VERSION = 1.0;
				PRODUCT_BUNDLE_IDENTIFIER = kwk.InteractiveUIs;
				PRODUCT_NAME = "$(TARGET_NAME)";
				SWIFT_EMIT_LOC_STRINGS = YES;
				SWIFT_VERSION = 5.0;
				TARGETED_DEVICE_FAMILY = "1,2";
			};
			name = Release;
		};
		BDC8FC2829DDBCD000A4908A /* Debug */ = {
			isa = XCBuildConfiguration;
			buildSettings = {
				ALWAYS_EMBED_SWIFT_STANDARD_LIBRARIES = YES;
				BUNDLE_LOADER = "$(TEST_HOST)";
				CODE_SIGN_STYLE = Automatic;
				CURRENT_PROJECT_VERSION = 1;
				DEVELOPMENT_TEAM = KUA4MPBD7U;
				GENERATE_INFOPLIST_FILE = YES;
				IPHONEOS_DEPLOYMENT_TARGET = 16.2;
				MARKETING_VERSION = 1.0;
				PRODUCT_BUNDLE_IDENTIFIER = kwk.InteractiveUIsTests;
				PRODUCT_NAME = "$(TARGET_NAME)";
				SWIFT_EMIT_LOC_STRINGS = NO;
				SWIFT_VERSION = 5.0;
				TARGETED_DEVICE_FAMILY = "1,2";
				TEST_HOST = "$(BUILT_PRODUCTS_DIR)/InteractiveUIs.app/$(BUNDLE_EXECUTABLE_FOLDER_PATH)/InteractiveUIs";
			};
			name = Debug;
		};
		BDC8FC2929DDBCD000A4908A /* Release */ = {
			isa = XCBuildConfiguration;
			buildSettings = {
				ALWAYS_EMBED_SWIFT_STANDARD_LIBRARIES = YES;
				BUNDLE_LOADER = "$(TEST_HOST)";
				CODE_SIGN_STYLE = Automatic;
				CURRENT_PROJECT_VERSION = 1;
				DEVELOPMENT_TEAM = KUA4MPBD7U;
				GENERATE_INFOPLIST_FILE = YES;
				IPHONEOS_DEPLOYMENT_TARGET = 16.2;
				MARKETING_VERSION = 1.0;
				PRODUCT_BUNDLE_IDENTIFIER = kwk.InteractiveUIsTests;
				PRODUCT_NAME = "$(TARGET_NAME)";
				SWIFT_EMIT_LOC_STRINGS = NO;
				SWIFT_VERSION = 5.0;
				TARGETED_DEVICE_FAMILY = "1,2";
				TEST_HOST = "$(BUILT_PRODUCTS_DIR)/InteractiveUIs.app/$(BUNDLE_EXECUTABLE_FOLDER_PATH)/InteractiveUIs";
			};
			name = Release;
		};
		BDC8FC2B29DDBCD000A4908A /* Debug */ = {
			isa = XCBuildConfiguration;
			buildSettings = {
				ALWAYS_EMBED_SWIFT_STANDARD_LIBRARIES = YES;
				CODE_SIGN_STYLE = Automatic;
				CURRENT_PROJECT_VERSION = 1;
				DEVELOPMENT_TEAM = KUA4MPBD7U;
				GENERATE_INFOPLIST_FILE = YES;
				MARKETING_VERSION = 1.0;
				PRODUCT_BUNDLE_IDENTIFIER = kwk.InteractiveUIsUITests;
				PRODUCT_NAME = "$(TARGET_NAME)";
				SWIFT_EMIT_LOC_STRINGS = NO;
				SWIFT_VERSION = 5.0;
				TARGETED_DEVICE_FAMILY = "1,2";
				TEST_TARGET_NAME = InteractiveUIs;
			};
			name = Debug;
		};
		BDC8FC2C29DDBCD000A4908A /* Release */ = {
			isa = XCBuildConfiguration;
			buildSettings = {
				ALWAYS_EMBED_SWIFT_STANDARD_LIBRARIES = YES;
				CODE_SIGN_STYLE = Automatic;
				CURRENT_PROJECT_VERSION = 1;
				DEVELOPMENT_TEAM = KUA4MPBD7U;
				GENERATE_INFOPLIST_FILE = YES;
				MARKETING_VERSION = 1.0;
				PRODUCT_BUNDLE_IDENTIFIER = kwk.InteractiveUIsUITests;
				PRODUCT_NAME = "$(TARGET_NAME)";
				SWIFT_EMIT_LOC_STRINGS = NO;
				SWIFT_VERSION = 5.0;
				TARGETED_DEVICE_FAMILY = "1,2";
				TEST_TARGET_NAME = InteractiveUIs;
			};
			name = Release;
		};
/* End XCBuildConfiguration section */

/* Begin XCConfigurationList section */
		BDC8FBFB29DDBCCE00A4908A /* Build configuration list for PBXProject "InteractiveUIs" */ = {
			isa = XCConfigurationList;
			buildConfigurations = (
				BDC8FC2229DDBCD000A4908A /* Debug */,
				BDC8FC2329DDBCD000A4908A /* Release */,
			);
			defaultConfigurationIsVisible = 0;
			defaultConfigurationName = Release;
		};
		BDC8FC2429DDBCD000A4908A /* Build configuration list for PBXNativeTarget "InteractiveUIs" */ = {
			isa = XCConfigurationList;
			buildConfigurations = (
				BDC8FC2529DDBCD000A4908A /* Debug */,
				BDC8FC2629DDBCD000A4908A /* Release */,
			);
			defaultConfigurationIsVisible = 0;
			defaultConfigurationName = Release;
		};
		BDC8FC2729DDBCD000A4908A /* Build configuration list for PBXNativeTarget "InteractiveUIsTests" */ = {
			isa = XCConfigurationList;
			buildConfigurations = (
				BDC8FC2829DDBCD000A4908A /* Debug */,
				BDC8FC2929DDBCD000A4908A /* Release */,
			);
			defaultConfigurationIsVisible = 0;
			defaultConfigurationName = Release;
		};
		BDC8FC2A29DDBCD000A4908A /* Build configuration list for PBXNativeTarget "InteractiveUIsUITests" */ = {
			isa = XCConfigurationList;
			buildConfigurations = (
				BDC8FC2B29DDBCD000A4908A /* Debug */,
				BDC8FC2C29DDBCD000A4908A /* Release */,
			);
			defaultConfigurationIsVisible = 0;
			defaultConfigurationName = Release;
		};
/* End XCConfigurationList section */
	};
	rootObject = BDC8FBF829DDBCCE00A4908A /* Project object */;
}
